<?xml version="1.0" encoding="UTF-8"?>
<CONFIG>
  <ProjectOptions>
    <Version Value="9"/>
    <PathDelim Value="\"/>
    <General>
      <Flags>
        <MainUnitHasUsesSectionForAllUnits Value="False"/>
        <MainUnitHasCreateFormStatements Value="False"/>
        <MainUnitHasTitleStatement Value="False"/>
      </Flags>
      <SessionStorage Value="InProjectDir"/>
      <MainUnit Value="0"/>
      <Title Value="xpc_test"/>
      <UseAppBundle Value="False"/>
      <ResourceType Value="res"/>
    </General>
    <i18n>
      <EnableI18N LFM="False"/>
    </i18n>
    <VersionInfo>
      <StringTable ProductVersion=""/>
    </VersionInfo>
    <BuildModes Count="1">
      <Item1 Name="Default" Default="True"/>
    </BuildModes>
    <PublishOptions>
      <Version Value="2"/>
    </PublishOptions>
    <RunParams>
      <local>
        <FormatVersion Value="1"/>
      </local>
    </RunParams>
    <RequiredPackages Count="1">
      <Item1>
        <PackageName Value="LCL"/>
      </Item1>
    </RequiredPackages>
    <Units Count="5">
      <Unit0>
        <Filename Value="xpc_test.dpr"/>
        <IsPartOfProject Value="True"/>
      </Unit0>
      <Unit1>
        <Filename Value="nodebrowser.pas"/>
        <IsPartOfProject Value="True"/>
        <HasResources Value="True"/>
        <UnitName Value="nodebrowser"/>
      </Unit1>
      <Unit2>
        <Filename Value="..\leaf3_terra\trunk\Core\TERRA_IO.pas"/>
        <IsPartOfProject Value="True"/>
        <UnitName Value="TERRA_IO"/>
      </Unit2>
      <Unit3>
        <Filename Value="..\leaf3_terra\trunk\Core\TERRA_MemoryManager.pas"/>
        <IsPartOfProject Value="True"/>
        <UnitName Value="TERRA_MemoryManager"/>
      </Unit3>
      <Unit4>
        <Filename Value="..\leaf3_terra\trunk\OS\WindowsPhone\TERRA_FileIO.pas"/>
        <IsPartOfProject Value="True"/>
        <UnitName Value="TERRA_FileIO"/>
      </Unit4>
    </Units>
  </ProjectOptions>
  <CompilerOptions>
    <Version Value="11"/>
    <PathDelim Value="\"/>
    <SearchPaths>
      <IncludeFiles Value="..\leaf3_terra\trunk\Utils;$(ProjOutDir)"/>
      <OtherUnitFiles Value="..\leaf3_terra\trunk\Core;..\leaf3_terra\trunk\Core\FileIO;..\leaf3_terra\trunk\OS\Windows;..\leaf3_terra\trunk\Image;..\leaf3_terra\trunk\Audio;..\delphilex;..\leaf3_terra\trunk\Libs\Steamworks\headers;..\leaf3_terra\trunk\Audio\Formats;..\leaf3_terra\trunk\Math;..\leaf3_terra\trunk\Graphics;..\leaf3_terra\trunk\UI;..\leaf3_terra\trunk\Utils"/>
    </SearchPaths>
    <Parsing>
      <SyntaxOptions>
        <SyntaxMode Value="Delphi"/>
      </SyntaxOptions>
    </Parsing>
    <CodeGeneration>
      <Optimizations>
        <OptimizationLevel Value="0"/>
      </Optimizations>
    </CodeGeneration>
    <Linking>
      <Options>
        <Win32>
          <GraphicApplication Value="True"/>
        </Win32>
      </Options>
    </Linking>
    <Other>
      <CompilerMessages>
        <MsgFileName Value=""/>
      </CompilerMessages>
      <CustomOptions Value="-dBorland -dVer150 -dDelphi7 -dCompiler6_Up -dPUREPASCAL"/>
      <CompilerPath Value="$(CompPath)"/>
    </Other>
  </CompilerOptions>
  <Debugging>
    <Exceptions Count="3">
      <Item1>
        <Name Value="EAbort"/>
      </Item1>
      <Item2>
        <Name Value="ECodetoolError"/>
      </Item2>
      <Item3>
        <Name Value="EFOpenError"/>
      </Item3>
    </Exceptions>
  </Debugging>
</CONFIG>
